
Microsoft Visual Studio Solution File, Format Version 12.00
# Visual Studio Version 17
VisualStudioVersion = 17.0.31903.59
MinimumVisualStudioVersion = 10.0.40219.1
Project("{FAE04EC0-301F-11D3-BF4B-00C04F79EFBC}") = "Trie", "Trie\Trie.csproj", "{2EC4EF36-99EB-41F0-9C47-8AC84C551408}"
EndProject
Project("{FAE04EC0-301F-11D3-BF4B-00C04F79EFBC}") = "Trie.Tests", "Trie.Tests\Trie.Tests.csproj", "{C23E5B0F-21EB-460E-B3D2-584B72E0034C}"
EndProject
Global
	GlobalSection(SolutionConfigurationPlatforms) = preSolution
		Debug|Any CPU = Debug|Any CPU
		Release|Any CPU = Release|Any CPU
	EndGlobalSection
	GlobalSection(SolutionProperties) = preSolution
		HideSolutionNode = FALSE
	EndGlobalSection
	GlobalSection(ProjectConfigurationPlatforms) = postSolution
		{2EC4EF36-99EB-41F0-9C47-8AC84C551408}.Debug|Any CPU.ActiveCfg = Debug|Any CPU
		{2EC4EF36-99EB-41F0-9C47-8AC84C551408}.Debug|Any CPU.Build.0 = Debug|Any CPU
		{2EC4EF36-99EB-41F0-9C47-8AC84C551408}.Release|Any CPU.ActiveCfg = Release|Any CPU
		{2EC4EF36-99EB-41F0-9C47-8AC84C551408}.Release|Any CPU.Build.0 = Release|Any CPU
		{C23E5B0F-21EB-460E-B3D2-584B72E0034C}.Debug|Any CPU.ActiveCfg = Debug|Any CPU
		{C23E5B0F-21EB-460E-B3D2-584B72E0034C}.Debug|Any CPU.Build.0 = Debug|Any CPU
		{C23E5B0F-21EB-460E-B3D2-584B72E0034C}.Release|Any CPU.ActiveCfg = Release|Any CPU
		{C23E5B0F-21EB-460E-B3D2-584B72E0034C}.Release|Any CPU.Build.0 = Release|Any CPU
	EndGlobalSection
EndGlobal
