
Microsoft Visual Studio Solution File, Format Version 12.00
# Visual Studio Version 17
VisualStudioVersion = 17.0.31903.59
MinimumVisualStudioVersion = 10.0.40219.1
Project("{FAE04EC0-301F-11D3-BF4B-00C04F79EFBC}") = "Router.Tests", "Router.Tests\Router.Tests.csproj", "{1EBF840D-9F8C-478C-AA1A-3B5AAF823E10}"
EndProject
Project("{FAE04EC0-301F-11D3-BF4B-00C04F79EFBC}") = "Routers", "Routers\Routers.csproj", "{E6722D56-28A3-4186-9006-5DF45A64FAF4}"
EndProject
Global
	GlobalSection(SolutionConfigurationPlatforms) = preSolution
		Debug|Any CPU = Debug|Any CPU
		Release|Any CPU = Release|Any CPU
	EndGlobalSection
	GlobalSection(SolutionProperties) = preSolution
		HideSolutionNode = FALSE
	EndGlobalSection
	GlobalSection(ProjectConfigurationPlatforms) = postSolution
		{1EBF840D-9F8C-478C-AA1A-3B5AAF823E10}.Debug|Any CPU.ActiveCfg = Debug|Any CPU
		{1EBF840D-9F8C-478C-AA1A-3B5AAF823E10}.Debug|Any CPU.Build.0 = Debug|Any CPU
		{1EBF840D-9F8C-478C-AA1A-3B5AAF823E10}.Release|Any CPU.ActiveCfg = Release|Any CPU
		{1EBF840D-9F8C-478C-AA1A-3B5AAF823E10}.Release|Any CPU.Build.0 = Release|Any CPU
		{E6722D56-28A3-4186-9006-5DF45A64FAF4}.Debug|Any CPU.ActiveCfg = Debug|Any CPU
		{E6722D56-28A3-4186-9006-5DF45A64FAF4}.Debug|Any CPU.Build.0 = Debug|Any CPU
		{E6722D56-28A3-4186-9006-5DF45A64FAF4}.Release|Any CPU.ActiveCfg = Release|Any CPU
		{E6722D56-28A3-4186-9006-5DF45A64FAF4}.Release|Any CPU.Build.0 = Release|Any CPU
	EndGlobalSection
EndGlobal
