
Microsoft Visual Studio Solution File, Format Version 12.00
# Visual Studio Version 17
VisualStudioVersion = 17.0.31903.59
MinimumVisualStudioVersion = 10.0.40219.1
Project("{FAE04EC0-301F-11D3-BF4B-00C04F79EFBC}") = "MapFilterFold", "MapFilterFold\MapFilterFold.csproj", "{CA36314E-B3BF-4A52-9C3D-2CA67D91AE45}"
EndProject
Project("{FAE04EC0-301F-11D3-BF4B-00C04F79EFBC}") = "MapFilterFold.Tests", "MapFilterFold.Tests\MapFilterFold.Tests.csproj", "{EC6592D0-6C53-4CE6-9107-5F06AF9DF15F}"
EndProject
Global
	GlobalSection(SolutionConfigurationPlatforms) = preSolution
		Debug|Any CPU = Debug|Any CPU
		Release|Any CPU = Release|Any CPU
	EndGlobalSection
	GlobalSection(SolutionProperties) = preSolution
		HideSolutionNode = FALSE
	EndGlobalSection
	GlobalSection(ProjectConfigurationPlatforms) = postSolution
		{CA36314E-B3BF-4A52-9C3D-2CA67D91AE45}.Debug|Any CPU.ActiveCfg = Debug|Any CPU
		{CA36314E-B3BF-4A52-9C3D-2CA67D91AE45}.Debug|Any CPU.Build.0 = Debug|Any CPU
		{CA36314E-B3BF-4A52-9C3D-2CA67D91AE45}.Release|Any CPU.ActiveCfg = Release|Any CPU
		{CA36314E-B3BF-4A52-9C3D-2CA67D91AE45}.Release|Any CPU.Build.0 = Release|Any CPU
		{EC6592D0-6C53-4CE6-9107-5F06AF9DF15F}.Debug|Any CPU.ActiveCfg = Debug|Any CPU
		{EC6592D0-6C53-4CE6-9107-5F06AF9DF15F}.Debug|Any CPU.Build.0 = Debug|Any CPU
		{EC6592D0-6C53-4CE6-9107-5F06AF9DF15F}.Release|Any CPU.ActiveCfg = Release|Any CPU
		{EC6592D0-6C53-4CE6-9107-5F06AF9DF15F}.Release|Any CPU.Build.0 = Release|Any CPU
	EndGlobalSection
EndGlobal
