
Microsoft Visual Studio Solution File, Format Version 12.00
# Visual Studio Version 17
VisualStudioVersion = 17.0.31903.59
MinimumVisualStudioVersion = 10.0.40219.1
Project("{FAE04EC0-301F-11D3-BF4B-00C04F79EFBC}") = "LZW", "LZW\LZW.csproj", "{469F7DC9-E72D-4730-BD8A-D79DA206A239}"
EndProject
Project("{FAE04EC0-301F-11D3-BF4B-00C04F79EFBC}") = "LZW.Tests", "LZW.Tests\LZW.Tests.csproj", "{5ECD38E3-8795-42C8-923C-826A58E35724}"
EndProject
Global
	GlobalSection(SolutionConfigurationPlatforms) = preSolution
		Debug|Any CPU = Debug|Any CPU
		Release|Any CPU = Release|Any CPU
	EndGlobalSection
	GlobalSection(SolutionProperties) = preSolution
		HideSolutionNode = FALSE
	EndGlobalSection
	GlobalSection(ProjectConfigurationPlatforms) = postSolution
		{469F7DC9-E72D-4730-BD8A-D79DA206A239}.Debug|Any CPU.ActiveCfg = Debug|Any CPU
		{469F7DC9-E72D-4730-BD8A-D79DA206A239}.Debug|Any CPU.Build.0 = Debug|Any CPU
		{469F7DC9-E72D-4730-BD8A-D79DA206A239}.Release|Any CPU.ActiveCfg = Release|Any CPU
		{469F7DC9-E72D-4730-BD8A-D79DA206A239}.Release|Any CPU.Build.0 = Release|Any CPU
		{5ECD38E3-8795-42C8-923C-826A58E35724}.Debug|Any CPU.ActiveCfg = Debug|Any CPU
		{5ECD38E3-8795-42C8-923C-826A58E35724}.Debug|Any CPU.Build.0 = Debug|Any CPU
		{5ECD38E3-8795-42C8-923C-826A58E35724}.Release|Any CPU.ActiveCfg = Release|Any CPU
		{5ECD38E3-8795-42C8-923C-826A58E35724}.Release|Any CPU.Build.0 = Release|Any CPU
	EndGlobalSection
EndGlobal
